
Microsoft Visual Studio Solution File, Format Version 12.00
# Visual Studio 2013
VisualStudioVersion = 12.0.30501.0
MinimumVisualStudioVersion = 10.0.40219.1
Project("{2150E333-8FDC-42A3-9474-1A3956D46DE8}") = "FluentSharp - Other", "FluentSharp - Other", "{AA501B54-FD82-4D72-941A-51B920FA9D34}"
EndProject
Project("{FAE04EC0-301F-11D3-BF4B-00C04F79EFBC}") = "FluentSharp.NGit", "FluentSharp.NGit\FluentSharp.NGit.csproj", "{B1AAFDA3-2A9F-4BBD-9A08-F0890BA886C1}"
EndProject
Project("{FAE04EC0-301F-11D3-BF4B-00C04F79EFBC}") = "FluentSharp.Roslyn", "FluentSharp.Roslyn\FluentSharp.Roslyn.csproj", "{1D5E7298-537E-409B-8059-2040CA60B55A}"
EndProject
Project("{FAE04EC0-301F-11D3-BF4B-00C04F79EFBC}") = "FluentSharp.WinForms", "FluentSharp.WinForms\FluentSharp.WinForms.csproj", "{DF7E73CB-02AC-4689-BB8C-AC21FFCCDDC5}"
EndProject
Project("{FAE04EC0-301F-11D3-BF4B-00C04F79EFBC}") = "FluentSharp.CoreLib", "FluentSharp.CoreLib\FluentSharp.CoreLib.csproj", "{0A7CE0E0-B092-43B5-AB80-99BA909019C9}"
EndProject
Project("{FAE04EC0-301F-11D3-BF4B-00C04F79EFBC}") = "FluentSharp.REPL", "FluentSharp.REPL\FluentSharp.REPL.csproj", "{D742BBEF-BFDC-477F-9880-5E0E2C89B6B2}"
EndProject
Project("{FAE04EC0-301F-11D3-BF4B-00C04F79EFBC}") = "FluentSharp.WPF", "FluentSharp.WPF\FluentSharp.WPF.csproj", "{874D79CB-629F-4E56-AB00-9836EB21F69C}"
EndProject
Project("{2150E333-8FDC-42A3-9474-1A3956D46DE8}") = "FluentSharp - Main", "FluentSharp - Main", "{D6F3850C-4B6A-4BC3-A568-1D522A72B027}"
EndProject
Project("{2150E333-8FDC-42A3-9474-1A3956D46DE8}") = "_FluentSharp_Forks", "_FluentSharp_Forks", "{E7871828-867F-48BD-BCF4-388DC21ADCB0}"
EndProject
Project("{2150E333-8FDC-42A3-9474-1A3956D46DE8}") = "Unit Tests", "Unit Tests", "{19B11B70-C710-4E28-ACDE-7DBB7709C5D8}"
EndProject
Project("{FAE04EC0-301F-11D3-BF4B-00C04F79EFBC}") = "UnitTests.FluentSharp.CoreLib", "UnitTests\UnitTests.FluentSharp.CoreLib\UnitTests.FluentSharp.CoreLib.csproj", "{2D70DDE6-EC9B-4B69-8BD3-BCCC7FA4F165}"
EndProject
Project("{FAE04EC0-301F-11D3-BF4B-00C04F79EFBC}") = "UnitTests.FluentSharp.WinForms", "UnitTests\UnitTests.FluentSharp.WinForms\UnitTests.FluentSharp.WinForms.csproj", "{15ABA7E8-436C-4D60-97CA-E63D221FC09C}"
EndProject
Project("{FAE04EC0-301F-11D3-BF4B-00C04F79EFBC}") = "UnitTests.FluentSharp.REPL", "UnitTests\UnitTests.FluentSharp.REPL\UnitTests.FluentSharp.REPL.csproj", "{EF0BBE23-9379-4595-B7E9-3496A70262FE}"
EndProject
Project("{FAE04EC0-301F-11D3-BF4B-00C04F79EFBC}") = "UnitTests.FluentSharp.NGit", "UnitTests\UnitTests.FluentSharp.NGit\UnitTests.FluentSharp.NGit.csproj", "{21F37EE0-0117-44D1-8017-5DF2EF426B67}"
EndProject
Project("{FAE04EC0-301F-11D3-BF4B-00C04F79EFBC}") = "FluentSharp_Fork.SharpDevelopEditor", "FluentSharp_Fork.SharpDevelopEditor\FluentSharp_Fork.SharpDevelopEditor.csproj", "{E76BCE43-8511-4CE8-A965-C0150F713CE9}"
EndProject
Project("{FAE04EC0-301F-11D3-BF4B-00C04F79EFBC}") = "UnitTests.FluentSharp.WPF", "UnitTests\UnitTests.FluentSharp.WPF\UnitTests.FluentSharp.WPF.csproj", "{405D2254-C520-401F-B5BF-9FC7B574F95D}"
EndProject
Project("{FAE04EC0-301F-11D3-BF4B-00C04F79EFBC}") = "FluentSharp.O2Platform", "FluentSharp.O2Platform\FluentSharp.O2Platform.csproj", "{D963E6B4-D639-4152-8445-1E18D52F9959}"
EndProject
Project("{FAE04EC0-301F-11D3-BF4B-00C04F79EFBC}") = "UnitTests.FluentSharp.O2Platform", "UnitTests\UnitTests.FluentSharp.O2Platform\UnitTests.FluentSharp.O2Platform.csproj", "{E155CA3C-2C1D-45F8-A3CA-EBA23CE1B7D3}"
EndProject
Project("{FAE04EC0-301F-11D3-BF4B-00C04F79EFBC}") = "FluentSharp.NUnit", "FluentSharp.NUnit\FluentSharp.NUnit.csproj", "{0DA6B6B3-5BE3-4610-BB7B-EA9A4BAF27AF}"
EndProject
Project("{FAE04EC0-301F-11D3-BF4B-00C04F79EFBC}") = "FluentSharp.WatiN", "FluentSharp_Fork.WatiN\FluentSharp.WatiN\FluentSharp.WatiN.csproj", "{95399705-D70E-44FD-9D48-F71C33E2D9D1}"
EndProject
Project("{FAE04EC0-301F-11D3-BF4B-00C04F79EFBC}") = "FluentSharp.Web", "FluentSharp.Web\FluentSharp.Web.csproj", "{FF88F616-4047-46F0-92C5-AFF282617505}"
EndProject
Project("{FAE04EC0-301F-11D3-BF4B-00C04F79EFBC}") = "UnitTests.FluentSharp.Web", "UnitTests\UnitTests.FluentSharp.Web\UnitTests.FluentSharp.Web.csproj", "{62F1C85F-0991-42EE-9B71-90D82EE7CD0B}"
EndProject
Project("{FAE04EC0-301F-11D3-BF4B-00C04F79EFBC}") = "FluentSharp.Web_4_5", "FluentSharp.Web_4_5\FluentSharp.Web_4_5.csproj", "{721FC60A-7BC0-4B81-8EFE-3191523D121B}"
EndProject
Project("{FAE04EC0-301F-11D3-BF4B-00C04F79EFBC}") = "UnitTests.FluentSharp.WatiN", "FluentSharp_Fork.WatiN\UnitTests.FluentSharp.WatiN\UnitTests.FluentSharp.WatiN.csproj", "{E3A47198-8891-4ABC-B34E-A73F716C8711}"
EndProject
Global
	GlobalSection(SolutionConfigurationPlatforms) = preSolution
		Debug|Any CPU = Debug|Any CPU
		Debug|Mixed Platforms = Debug|Mixed Platforms
		Debug|x86 = Debug|x86
		Release|Any CPU = Release|Any CPU
		Release|Mixed Platforms = Release|Mixed Platforms
		Release|x86 = Release|x86
	EndGlobalSection
	GlobalSection(ProjectConfigurationPlatforms) = postSolution
		{B1AAFDA3-2A9F-4BBD-9A08-F0890BA886C1}.Debug|Any CPU.ActiveCfg = Debug|Any CPU
		{B1AAFDA3-2A9F-4BBD-9A08-F0890BA886C1}.Debug|Any CPU.Build.0 = Debug|Any CPU
		{B1AAFDA3-2A9F-4BBD-9A08-F0890BA886C1}.Debug|Mixed Platforms.ActiveCfg = Debug|Any CPU
		{B1AAFDA3-2A9F-4BBD-9A08-F0890BA886C1}.Debug|Mixed Platforms.Build.0 = Debug|Any CPU
		{B1AAFDA3-2A9F-4BBD-9A08-F0890BA886C1}.Debug|x86.ActiveCfg = Debug|Any CPU
		{B1AAFDA3-2A9F-4BBD-9A08-F0890BA886C1}.Release|Any CPU.ActiveCfg = Release|Any CPU
		{B1AAFDA3-2A9F-4BBD-9A08-F0890BA886C1}.Release|Any CPU.Build.0 = Release|Any CPU
		{B1AAFDA3-2A9F-4BBD-9A08-F0890BA886C1}.Release|Mixed Platforms.ActiveCfg = Release|Any CPU
		{B1AAFDA3-2A9F-4BBD-9A08-F0890BA886C1}.Release|Mixed Platforms.Build.0 = Release|Any CPU
		{B1AAFDA3-2A9F-4BBD-9A08-F0890BA886C1}.Release|x86.ActiveCfg = Release|Any CPU
		{1D5E7298-537E-409B-8059-2040CA60B55A}.Debug|Any CPU.ActiveCfg = Debug|Any CPU
		{1D5E7298-537E-409B-8059-2040CA60B55A}.Debug|Any CPU.Build.0 = Debug|Any CPU
		{1D5E7298-537E-409B-8059-2040CA60B55A}.Debug|Mixed Platforms.ActiveCfg = Debug|Any CPU
		{1D5E7298-537E-409B-8059-2040CA60B55A}.Debug|Mixed Platforms.Build.0 = Debug|Any CPU
		{1D5E7298-537E-409B-8059-2040CA60B55A}.Debug|x86.ActiveCfg = Debug|Any CPU
		{1D5E7298-537E-409B-8059-2040CA60B55A}.Release|Any CPU.ActiveCfg = Release|Any CPU
		{1D5E7298-537E-409B-8059-2040CA60B55A}.Release|Any CPU.Build.0 = Release|Any CPU
		{1D5E7298-537E-409B-8059-2040CA60B55A}.Release|Mixed Platforms.ActiveCfg = Release|Any CPU
		{1D5E7298-537E-409B-8059-2040CA60B55A}.Release|Mixed Platforms.Build.0 = Release|Any CPU
		{1D5E7298-537E-409B-8059-2040CA60B55A}.Release|x86.ActiveCfg = Release|Any CPU
		{DF7E73CB-02AC-4689-BB8C-AC21FFCCDDC5}.Debug|Any CPU.ActiveCfg = Debug|Any CPU
		{DF7E73CB-02AC-4689-BB8C-AC21FFCCDDC5}.Debug|Any CPU.Build.0 = Debug|Any CPU
		{DF7E73CB-02AC-4689-BB8C-AC21FFCCDDC5}.Debug|Mixed Platforms.ActiveCfg = Debug|Any CPU
		{DF7E73CB-02AC-4689-BB8C-AC21FFCCDDC5}.Debug|Mixed Platforms.Build.0 = Debug|Any CPU
		{DF7E73CB-02AC-4689-BB8C-AC21FFCCDDC5}.Debug|x86.ActiveCfg = Debug|Any CPU
		{DF7E73CB-02AC-4689-BB8C-AC21FFCCDDC5}.Release|Any CPU.ActiveCfg = Release|Any CPU
		{DF7E73CB-02AC-4689-BB8C-AC21FFCCDDC5}.Release|Any CPU.Build.0 = Release|Any CPU
		{DF7E73CB-02AC-4689-BB8C-AC21FFCCDDC5}.Release|Mixed Platforms.ActiveCfg = Release|Any CPU
		{DF7E73CB-02AC-4689-BB8C-AC21FFCCDDC5}.Release|Mixed Platforms.Build.0 = Release|Any CPU
		{DF7E73CB-02AC-4689-BB8C-AC21FFCCDDC5}.Release|x86.ActiveCfg = Release|Any CPU
		{0A7CE0E0-B092-43B5-AB80-99BA909019C9}.Debug|Any CPU.ActiveCfg = Debug|Any CPU
		{0A7CE0E0-B092-43B5-AB80-99BA909019C9}.Debug|Any CPU.Build.0 = Debug|Any CPU
		{0A7CE0E0-B092-43B5-AB80-99BA909019C9}.Debug|Mixed Platforms.ActiveCfg = Debug|Any CPU
		{0A7CE0E0-B092-43B5-AB80-99BA909019C9}.Debug|Mixed Platforms.Build.0 = Debug|Any CPU
		{0A7CE0E0-B092-43B5-AB80-99BA909019C9}.Debug|x86.ActiveCfg = Debug|Any CPU
		{0A7CE0E0-B092-43B5-AB80-99BA909019C9}.Release|Any CPU.ActiveCfg = Release|Any CPU
		{0A7CE0E0-B092-43B5-AB80-99BA909019C9}.Release|Any CPU.Build.0 = Release|Any CPU
		{0A7CE0E0-B092-43B5-AB80-99BA909019C9}.Release|Mixed Platforms.ActiveCfg = Release|Any CPU
		{0A7CE0E0-B092-43B5-AB80-99BA909019C9}.Release|Mixed Platforms.Build.0 = Release|Any CPU
		{0A7CE0E0-B092-43B5-AB80-99BA909019C9}.Release|x86.ActiveCfg = Release|Any CPU
		{D742BBEF-BFDC-477F-9880-5E0E2C89B6B2}.Debug|Any CPU.ActiveCfg = Debug|Any CPU
		{D742BBEF-BFDC-477F-9880-5E0E2C89B6B2}.Debug|Any CPU.Build.0 = Debug|Any CPU
		{D742BBEF-BFDC-477F-9880-5E0E2C89B6B2}.Debug|Mixed Platforms.ActiveCfg = Debug|Any CPU
		{D742BBEF-BFDC-477F-9880-5E0E2C89B6B2}.Debug|Mixed Platforms.Build.0 = Debug|Any CPU
		{D742BBEF-BFDC-477F-9880-5E0E2C89B6B2}.Debug|x86.ActiveCfg = Debug|Any CPU
		{D742BBEF-BFDC-477F-9880-5E0E2C89B6B2}.Release|Any CPU.ActiveCfg = Release|Any CPU
		{D742BBEF-BFDC-477F-9880-5E0E2C89B6B2}.Release|Any CPU.Build.0 = Release|Any CPU
		{D742BBEF-BFDC-477F-9880-5E0E2C89B6B2}.Release|Mixed Platforms.ActiveCfg = Release|Any CPU
		{D742BBEF-BFDC-477F-9880-5E0E2C89B6B2}.Release|Mixed Platforms.Build.0 = Release|Any CPU
		{D742BBEF-BFDC-477F-9880-5E0E2C89B6B2}.Release|x86.ActiveCfg = Release|Any CPU
		{874D79CB-629F-4E56-AB00-9836EB21F69C}.Debug|Any CPU.ActiveCfg = Debug|Any CPU
		{874D79CB-629F-4E56-AB00-9836EB21F69C}.Debug|Any CPU.Build.0 = Debug|Any CPU
		{874D79CB-629F-4E56-AB00-9836EB21F69C}.Debug|Mixed Platforms.ActiveCfg = Debug|Any CPU
		{874D79CB-629F-4E56-AB00-9836EB21F69C}.Debug|Mixed Platforms.Build.0 = Debug|Any CPU
		{874D79CB-629F-4E56-AB00-9836EB21F69C}.Debug|x86.ActiveCfg = Debug|Any CPU
		{874D79CB-629F-4E56-AB00-9836EB21F69C}.Release|Any CPU.ActiveCfg = Release|Any CPU
		{874D79CB-629F-4E56-AB00-9836EB21F69C}.Release|Any CPU.Build.0 = Release|Any CPU
		{874D79CB-629F-4E56-AB00-9836EB21F69C}.Release|Mixed Platforms.ActiveCfg = Release|Any CPU
		{874D79CB-629F-4E56-AB00-9836EB21F69C}.Release|Mixed Platforms.Build.0 = Release|Any CPU
		{874D79CB-629F-4E56-AB00-9836EB21F69C}.Release|x86.ActiveCfg = Release|Any CPU
		{2D70DDE6-EC9B-4B69-8BD3-BCCC7FA4F165}.Debug|Any CPU.ActiveCfg = Debug|Any CPU
		{2D70DDE6-EC9B-4B69-8BD3-BCCC7FA4F165}.Debug|Any CPU.Build.0 = Debug|Any CPU
		{2D70DDE6-EC9B-4B69-8BD3-BCCC7FA4F165}.Debug|Mixed Platforms.ActiveCfg = Debug|Any CPU
		{2D70DDE6-EC9B-4B69-8BD3-BCCC7FA4F165}.Debug|Mixed Platforms.Build.0 = Debug|Any CPU
		{2D70DDE6-EC9B-4B69-8BD3-BCCC7FA4F165}.Debug|x86.ActiveCfg = Debug|Any CPU
		{2D70DDE6-EC9B-4B69-8BD3-BCCC7FA4F165}.Release|Any CPU.ActiveCfg = Release|Any CPU
		{2D70DDE6-EC9B-4B69-8BD3-BCCC7FA4F165}.Release|Any CPU.Build.0 = Release|Any CPU
		{2D70DDE6-EC9B-4B69-8BD3-BCCC7FA4F165}.Release|Mixed Platforms.ActiveCfg = Release|Any CPU
		{2D70DDE6-EC9B-4B69-8BD3-BCCC7FA4F165}.Release|Mixed Platforms.Build.0 = Release|Any CPU
		{2D70DDE6-EC9B-4B69-8BD3-BCCC7FA4F165}.Release|x86.ActiveCfg = Release|Any CPU
		{15ABA7E8-436C-4D60-97CA-E63D221FC09C}.Debug|Any CPU.ActiveCfg = Debug|Any CPU
		{15ABA7E8-436C-4D60-97CA-E63D221FC09C}.Debug|Any CPU.Build.0 = Debug|Any CPU
		{15ABA7E8-436C-4D60-97CA-E63D221FC09C}.Debug|Mixed Platforms.ActiveCfg = Debug|Any CPU
		{15ABA7E8-436C-4D60-97CA-E63D221FC09C}.Debug|Mixed Platforms.Build.0 = Debug|Any CPU
		{15ABA7E8-436C-4D60-97CA-E63D221FC09C}.Debug|x86.ActiveCfg = Debug|Any CPU
		{15ABA7E8-436C-4D60-97CA-E63D221FC09C}.Release|Any CPU.ActiveCfg = Release|Any CPU
		{15ABA7E8-436C-4D60-97CA-E63D221FC09C}.Release|Any CPU.Build.0 = Release|Any CPU
		{15ABA7E8-436C-4D60-97CA-E63D221FC09C}.Release|Mixed Platforms.ActiveCfg = Release|Any CPU
		{15ABA7E8-436C-4D60-97CA-E63D221FC09C}.Release|Mixed Platforms.Build.0 = Release|Any CPU
		{15ABA7E8-436C-4D60-97CA-E63D221FC09C}.Release|x86.ActiveCfg = Release|Any CPU
		{EF0BBE23-9379-4595-B7E9-3496A70262FE}.Debug|Any CPU.ActiveCfg = Debug|Any CPU
		{EF0BBE23-9379-4595-B7E9-3496A70262FE}.Debug|Any CPU.Build.0 = Debug|Any CPU
		{EF0BBE23-9379-4595-B7E9-3496A70262FE}.Debug|Mixed Platforms.ActiveCfg = Debug|Any CPU
		{EF0BBE23-9379-4595-B7E9-3496A70262FE}.Debug|Mixed Platforms.Build.0 = Debug|Any CPU
		{EF0BBE23-9379-4595-B7E9-3496A70262FE}.Debug|x86.ActiveCfg = Debug|Any CPU
		{EF0BBE23-9379-4595-B7E9-3496A70262FE}.Release|Any CPU.ActiveCfg = Release|Any CPU
		{EF0BBE23-9379-4595-B7E9-3496A70262FE}.Release|Any CPU.Build.0 = Release|Any CPU
		{EF0BBE23-9379-4595-B7E9-3496A70262FE}.Release|Mixed Platforms.ActiveCfg = Release|Any CPU
		{EF0BBE23-9379-4595-B7E9-3496A70262FE}.Release|Mixed Platforms.Build.0 = Release|Any CPU
		{EF0BBE23-9379-4595-B7E9-3496A70262FE}.Release|x86.ActiveCfg = Release|Any CPU
		{21F37EE0-0117-44D1-8017-5DF2EF426B67}.Debug|Any CPU.ActiveCfg = Debug|Any CPU
		{21F37EE0-0117-44D1-8017-5DF2EF426B67}.Debug|Any CPU.Build.0 = Debug|Any CPU
		{21F37EE0-0117-44D1-8017-5DF2EF426B67}.Debug|Mixed Platforms.ActiveCfg = Debug|Any CPU
		{21F37EE0-0117-44D1-8017-5DF2EF426B67}.Debug|Mixed Platforms.Build.0 = Debug|Any CPU
		{21F37EE0-0117-44D1-8017-5DF2EF426B67}.Debug|x86.ActiveCfg = Debug|Any CPU
		{21F37EE0-0117-44D1-8017-5DF2EF426B67}.Release|Any CPU.ActiveCfg = Release|Any CPU
		{21F37EE0-0117-44D1-8017-5DF2EF426B67}.Release|Any CPU.Build.0 = Release|Any CPU
		{21F37EE0-0117-44D1-8017-5DF2EF426B67}.Release|Mixed Platforms.ActiveCfg = Release|Any CPU
		{21F37EE0-0117-44D1-8017-5DF2EF426B67}.Release|Mixed Platforms.Build.0 = Release|Any CPU
		{21F37EE0-0117-44D1-8017-5DF2EF426B67}.Release|x86.ActiveCfg = Release|Any CPU
		{E76BCE43-8511-4CE8-A965-C0150F713CE9}.Debug|Any CPU.ActiveCfg = Debug|Any CPU
		{E76BCE43-8511-4CE8-A965-C0150F713CE9}.Debug|Any CPU.Build.0 = Debug|Any CPU
		{E76BCE43-8511-4CE8-A965-C0150F713CE9}.Debug|Mixed Platforms.ActiveCfg = Debug|Any CPU
		{E76BCE43-8511-4CE8-A965-C0150F713CE9}.Debug|Mixed Platforms.Build.0 = Debug|Any CPU
		{E76BCE43-8511-4CE8-A965-C0150F713CE9}.Debug|x86.ActiveCfg = Debug|Any CPU
		{E76BCE43-8511-4CE8-A965-C0150F713CE9}.Release|Any CPU.ActiveCfg = Release|Any CPU
		{E76BCE43-8511-4CE8-A965-C0150F713CE9}.Release|Any CPU.Build.0 = Release|Any CPU
		{E76BCE43-8511-4CE8-A965-C0150F713CE9}.Release|Mixed Platforms.ActiveCfg = Release|Any CPU
		{E76BCE43-8511-4CE8-A965-C0150F713CE9}.Release|Mixed Platforms.Build.0 = Release|Any CPU
		{E76BCE43-8511-4CE8-A965-C0150F713CE9}.Release|x86.ActiveCfg = Release|Any CPU
		{405D2254-C520-401F-B5BF-9FC7B574F95D}.Debug|Any CPU.ActiveCfg = Debug|Any CPU
		{405D2254-C520-401F-B5BF-9FC7B574F95D}.Debug|Any CPU.Build.0 = Debug|Any CPU
		{405D2254-C520-401F-B5BF-9FC7B574F95D}.Debug|Mixed Platforms.ActiveCfg = Debug|Any CPU
		{405D2254-C520-401F-B5BF-9FC7B574F95D}.Debug|Mixed Platforms.Build.0 = Debug|Any CPU
		{405D2254-C520-401F-B5BF-9FC7B574F95D}.Debug|x86.ActiveCfg = Debug|Any CPU
		{405D2254-C520-401F-B5BF-9FC7B574F95D}.Release|Any CPU.ActiveCfg = Release|Any CPU
		{405D2254-C520-401F-B5BF-9FC7B574F95D}.Release|Any CPU.Build.0 = Release|Any CPU
		{405D2254-C520-401F-B5BF-9FC7B574F95D}.Release|Mixed Platforms.ActiveCfg = Release|Any CPU
		{405D2254-C520-401F-B5BF-9FC7B574F95D}.Release|Mixed Platforms.Build.0 = Release|Any CPU
		{405D2254-C520-401F-B5BF-9FC7B574F95D}.Release|x86.ActiveCfg = Release|Any CPU
		{D963E6B4-D639-4152-8445-1E18D52F9959}.Debug|Any CPU.ActiveCfg = Debug|x86
		{D963E6B4-D639-4152-8445-1E18D52F9959}.Debug|Mixed Platforms.ActiveCfg = Debug|x86
		{D963E6B4-D639-4152-8445-1E18D52F9959}.Debug|Mixed Platforms.Build.0 = Debug|x86
		{D963E6B4-D639-4152-8445-1E18D52F9959}.Debug|x86.ActiveCfg = Debug|x86
		{D963E6B4-D639-4152-8445-1E18D52F9959}.Debug|x86.Build.0 = Debug|x86
		{D963E6B4-D639-4152-8445-1E18D52F9959}.Release|Any CPU.ActiveCfg = Release|x86
		{D963E6B4-D639-4152-8445-1E18D52F9959}.Release|Mixed Platforms.ActiveCfg = Release|x86
		{D963E6B4-D639-4152-8445-1E18D52F9959}.Release|Mixed Platforms.Build.0 = Release|x86
		{D963E6B4-D639-4152-8445-1E18D52F9959}.Release|x86.ActiveCfg = Release|x86
		{D963E6B4-D639-4152-8445-1E18D52F9959}.Release|x86.Build.0 = Release|x86
		{E155CA3C-2C1D-45F8-A3CA-EBA23CE1B7D3}.Debug|Any CPU.ActiveCfg = Debug|Any CPU
		{E155CA3C-2C1D-45F8-A3CA-EBA23CE1B7D3}.Debug|Any CPU.Build.0 = Debug|Any CPU
		{E155CA3C-2C1D-45F8-A3CA-EBA23CE1B7D3}.Debug|Mixed Platforms.ActiveCfg = Debug|Any CPU
		{E155CA3C-2C1D-45F8-A3CA-EBA23CE1B7D3}.Debug|Mixed Platforms.Build.0 = Debug|Any CPU
		{E155CA3C-2C1D-45F8-A3CA-EBA23CE1B7D3}.Debug|x86.ActiveCfg = Debug|Any CPU
		{E155CA3C-2C1D-45F8-A3CA-EBA23CE1B7D3}.Release|Any CPU.ActiveCfg = Release|Any CPU
		{E155CA3C-2C1D-45F8-A3CA-EBA23CE1B7D3}.Release|Any CPU.Build.0 = Release|Any CPU
		{E155CA3C-2C1D-45F8-A3CA-EBA23CE1B7D3}.Release|Mixed Platforms.ActiveCfg = Release|Any CPU
		{E155CA3C-2C1D-45F8-A3CA-EBA23CE1B7D3}.Release|Mixed Platforms.Build.0 = Release|Any CPU
		{E155CA3C-2C1D-45F8-A3CA-EBA23CE1B7D3}.Release|x86.ActiveCfg = Release|Any CPU
		{0DA6B6B3-5BE3-4610-BB7B-EA9A4BAF27AF}.Debug|Any CPU.ActiveCfg = Debug|Any CPU
		{0DA6B6B3-5BE3-4610-BB7B-EA9A4BAF27AF}.Debug|Any CPU.Build.0 = Debug|Any CPU
		{0DA6B6B3-5BE3-4610-BB7B-EA9A4BAF27AF}.Debug|Mixed Platforms.ActiveCfg = Debug|Any CPU
		{0DA6B6B3-5BE3-4610-BB7B-EA9A4BAF27AF}.Debug|Mixed Platforms.Build.0 = Debug|Any CPU
		{0DA6B6B3-5BE3-4610-BB7B-EA9A4BAF27AF}.Debug|x86.ActiveCfg = Debug|Any CPU
		{0DA6B6B3-5BE3-4610-BB7B-EA9A4BAF27AF}.Release|Any CPU.ActiveCfg = Release|Any CPU
		{0DA6B6B3-5BE3-4610-BB7B-EA9A4BAF27AF}.Release|Any CPU.Build.0 = Release|Any CPU
		{0DA6B6B3-5BE3-4610-BB7B-EA9A4BAF27AF}.Release|Mixed Platforms.ActiveCfg = Release|Any CPU
		{0DA6B6B3-5BE3-4610-BB7B-EA9A4BAF27AF}.Release|Mixed Platforms.Build.0 = Release|Any CPU
		{0DA6B6B3-5BE3-4610-BB7B-EA9A4BAF27AF}.Release|x86.ActiveCfg = Release|Any CPU
		{95399705-D70E-44FD-9D48-F71C33E2D9D1}.Debug|Any CPU.ActiveCfg = Debug|Any CPU
		{95399705-D70E-44FD-9D48-F71C33E2D9D1}.Debug|Any CPU.Build.0 = Debug|Any CPU
		{95399705-D70E-44FD-9D48-F71C33E2D9D1}.Debug|Mixed Platforms.ActiveCfg = Debug|Any CPU
		{95399705-D70E-44FD-9D48-F71C33E2D9D1}.Debug|Mixed Platforms.Build.0 = Debug|Any CPU
		{95399705-D70E-44FD-9D48-F71C33E2D9D1}.Debug|x86.ActiveCfg = Debug|Any CPU
		{95399705-D70E-44FD-9D48-F71C33E2D9D1}.Release|Any CPU.ActiveCfg = Release|Any CPU
		{95399705-D70E-44FD-9D48-F71C33E2D9D1}.Release|Any CPU.Build.0 = Release|Any CPU
		{95399705-D70E-44FD-9D48-F71C33E2D9D1}.Release|Mixed Platforms.ActiveCfg = Release|Any CPU
		{95399705-D70E-44FD-9D48-F71C33E2D9D1}.Release|Mixed Platforms.Build.0 = Release|Any CPU
		{95399705-D70E-44FD-9D48-F71C33E2D9D1}.Release|x86.ActiveCfg = Release|Any CPU
		{FF88F616-4047-46F0-92C5-AFF282617505}.Debug|Any CPU.ActiveCfg = Debug|Any CPU
		{FF88F616-4047-46F0-92C5-AFF282617505}.Debug|Any CPU.Build.0 = Debug|Any CPU
		{FF88F616-4047-46F0-92C5-AFF282617505}.Debug|Mixed Platforms.ActiveCfg = Debug|Any CPU
		{FF88F616-4047-46F0-92C5-AFF282617505}.Debug|Mixed Platforms.Build.0 = Debug|Any CPU
		{FF88F616-4047-46F0-92C5-AFF282617505}.Debug|x86.ActiveCfg = Debug|Any CPU
		{FF88F616-4047-46F0-92C5-AFF282617505}.Release|Any CPU.ActiveCfg = Release|Any CPU
		{FF88F616-4047-46F0-92C5-AFF282617505}.Release|Any CPU.Build.0 = Release|Any CPU
		{FF88F616-4047-46F0-92C5-AFF282617505}.Release|Mixed Platforms.ActiveCfg = Release|Any CPU
		{FF88F616-4047-46F0-92C5-AFF282617505}.Release|Mixed Platforms.Build.0 = Release|Any CPU
		{FF88F616-4047-46F0-92C5-AFF282617505}.Release|x86.ActiveCfg = Release|Any CPU
		{62F1C85F-0991-42EE-9B71-90D82EE7CD0B}.Debug|Any CPU.ActiveCfg = Debug|Any CPU
		{62F1C85F-0991-42EE-9B71-90D82EE7CD0B}.Debug|Any CPU.Build.0 = Debug|Any CPU
		{62F1C85F-0991-42EE-9B71-90D82EE7CD0B}.Debug|Mixed Platforms.ActiveCfg = Debug|Any CPU
		{62F1C85F-0991-42EE-9B71-90D82EE7CD0B}.Debug|Mixed Platforms.Build.0 = Debug|Any CPU
		{62F1C85F-0991-42EE-9B71-90D82EE7CD0B}.Debug|x86.ActiveCfg = Debug|Any CPU
		{62F1C85F-0991-42EE-9B71-90D82EE7CD0B}.Release|Any CPU.ActiveCfg = Release|Any CPU
		{62F1C85F-0991-42EE-9B71-90D82EE7CD0B}.Release|Any CPU.Build.0 = Release|Any CPU
		{62F1C85F-0991-42EE-9B71-90D82EE7CD0B}.Release|Mixed Platforms.ActiveCfg = Release|Any CPU
		{62F1C85F-0991-42EE-9B71-90D82EE7CD0B}.Release|Mixed Platforms.Build.0 = Release|Any CPU
		{62F1C85F-0991-42EE-9B71-90D82EE7CD0B}.Release|x86.ActiveCfg = Release|Any CPU
		{721FC60A-7BC0-4B81-8EFE-3191523D121B}.Debug|Any CPU.ActiveCfg = Debug|Any CPU
		{721FC60A-7BC0-4B81-8EFE-3191523D121B}.Debug|Any CPU.Build.0 = Debug|Any CPU
		{721FC60A-7BC0-4B81-8EFE-3191523D121B}.Debug|Mixed Platforms.ActiveCfg = Debug|Any CPU
		{721FC60A-7BC0-4B81-8EFE-3191523D121B}.Debug|Mixed Platforms.Build.0 = Debug|Any CPU
		{721FC60A-7BC0-4B81-8EFE-3191523D121B}.Debug|x86.ActiveCfg = Debug|Any CPU
		{721FC60A-7BC0-4B81-8EFE-3191523D121B}.Release|Any CPU.ActiveCfg = Release|Any CPU
		{721FC60A-7BC0-4B81-8EFE-3191523D121B}.Release|Any CPU.Build.0 = Release|Any CPU
		{721FC60A-7BC0-4B81-8EFE-3191523D121B}.Release|Mixed Platforms.ActiveCfg = Release|Any CPU
		{721FC60A-7BC0-4B81-8EFE-3191523D121B}.Release|Mixed Platforms.Build.0 = Release|Any CPU
		{721FC60A-7BC0-4B81-8EFE-3191523D121B}.Release|x86.ActiveCfg = Release|Any CPU
		{E3A47198-8891-4ABC-B34E-A73F716C8711}.Debug|Any CPU.ActiveCfg = Debug|Any CPU
		{E3A47198-8891-4ABC-B34E-A73F716C8711}.Debug|Any CPU.Build.0 = Debug|Any CPU
		{E3A47198-8891-4ABC-B34E-A73F716C8711}.Debug|Mixed Platforms.ActiveCfg = Debug|Any CPU
		{E3A47198-8891-4ABC-B34E-A73F716C8711}.Debug|Mixed Platforms.Build.0 = Debug|Any CPU
		{E3A47198-8891-4ABC-B34E-A73F716C8711}.Debug|x86.ActiveCfg = Debug|Any CPU
		{E3A47198-8891-4ABC-B34E-A73F716C8711}.Release|Any CPU.ActiveCfg = Release|Any CPU
		{E3A47198-8891-4ABC-B34E-A73F716C8711}.Release|Any CPU.Build.0 = Release|Any CPU
		{E3A47198-8891-4ABC-B34E-A73F716C8711}.Release|Mixed Platforms.ActiveCfg = Release|Any CPU
		{E3A47198-8891-4ABC-B34E-A73F716C8711}.Release|Mixed Platforms.Build.0 = Release|Any CPU
		{E3A47198-8891-4ABC-B34E-A73F716C8711}.Release|x86.ActiveCfg = Release|Any CPU
	EndGlobalSection
	GlobalSection(SolutionProperties) = preSolution
		HideSolutionNode = FALSE
	EndGlobalSection
	GlobalSection(NestedProjects) = preSolution
		{B1AAFDA3-2A9F-4BBD-9A08-F0890BA886C1} = {AA501B54-FD82-4D72-941A-51B920FA9D34}
		{1D5E7298-537E-409B-8059-2040CA60B55A} = {AA501B54-FD82-4D72-941A-51B920FA9D34}
		{DF7E73CB-02AC-4689-BB8C-AC21FFCCDDC5} = {D6F3850C-4B6A-4BC3-A568-1D522A72B027}
		{0A7CE0E0-B092-43B5-AB80-99BA909019C9} = {D6F3850C-4B6A-4BC3-A568-1D522A72B027}
		{D742BBEF-BFDC-477F-9880-5E0E2C89B6B2} = {D6F3850C-4B6A-4BC3-A568-1D522A72B027}
		{874D79CB-629F-4E56-AB00-9836EB21F69C} = {AA501B54-FD82-4D72-941A-51B920FA9D34}
		{2D70DDE6-EC9B-4B69-8BD3-BCCC7FA4F165} = {19B11B70-C710-4E28-ACDE-7DBB7709C5D8}
		{15ABA7E8-436C-4D60-97CA-E63D221FC09C} = {19B11B70-C710-4E28-ACDE-7DBB7709C5D8}
		{EF0BBE23-9379-4595-B7E9-3496A70262FE} = {19B11B70-C710-4E28-ACDE-7DBB7709C5D8}
		{21F37EE0-0117-44D1-8017-5DF2EF426B67} = {19B11B70-C710-4E28-ACDE-7DBB7709C5D8}
		{E76BCE43-8511-4CE8-A965-C0150F713CE9} = {E7871828-867F-48BD-BCF4-388DC21ADCB0}
		{405D2254-C520-401F-B5BF-9FC7B574F95D} = {19B11B70-C710-4E28-ACDE-7DBB7709C5D8}
		{D963E6B4-D639-4152-8445-1E18D52F9959} = {AA501B54-FD82-4D72-941A-51B920FA9D34}
		{E155CA3C-2C1D-45F8-A3CA-EBA23CE1B7D3} = {19B11B70-C710-4E28-ACDE-7DBB7709C5D8}
		{0DA6B6B3-5BE3-4610-BB7B-EA9A4BAF27AF} = {AA501B54-FD82-4D72-941A-51B920FA9D34}
		{95399705-D70E-44FD-9D48-F71C33E2D9D1} = {E7871828-867F-48BD-BCF4-388DC21ADCB0}
		{FF88F616-4047-46F0-92C5-AFF282617505} = {D6F3850C-4B6A-4BC3-A568-1D522A72B027}
		{62F1C85F-0991-42EE-9B71-90D82EE7CD0B} = {19B11B70-C710-4E28-ACDE-7DBB7709C5D8}
		{721FC60A-7BC0-4B81-8EFE-3191523D121B} = {D6F3850C-4B6A-4BC3-A568-1D522A72B027}
		{E3A47198-8891-4ABC-B34E-A73F716C8711} = {19B11B70-C710-4E28-ACDE-7DBB7709C5D8}
	EndGlobalSection
EndGlobal
