
Microsoft Visual Studio Solution File, Format Version 11.00
# Visual Studio 2010
Project("{2150E333-8FDC-42A3-9474-1A3956D46DE8}") = "FluentSharp - Other", "FluentSharp - Other", "{AA501B54-FD82-4D72-941A-51B920FA9D34}"
EndProject
Project("{FAE04EC0-301F-11D3-BF4B-00C04F79EFBC}") = "O2.FluentSharp.NGit", "O2.FluentSharp.NGit\O2.FluentSharp.NGit.csproj", "{B1AAFDA3-2A9F-4BBD-9A08-F0890BA886C1}"
EndProject
Project("{FAE04EC0-301F-11D3-BF4B-00C04F79EFBC}") = "O2.FluentSharp.Roslyn", "O2.FluentSharp.Roslyn\O2.FluentSharp.Roslyn.csproj", "{1D5E7298-537E-409B-8059-2040CA60B55A}"
EndProject
Project("{FAE04EC0-301F-11D3-BF4B-00C04F79EFBC}") = "O2.FluentSharp.BCL", "O2.FluentSharp.BCL\O2.FluentSharp.BCL.csproj", "{DF7E73CB-02AC-4689-BB8C-AC21FFCCDDC5}"
EndProject
Project("{FAE04EC0-301F-11D3-BF4B-00C04F79EFBC}") = "O2.FluentSharp.CoreLib", "O2.FluentSharp.CoreLib\O2.FluentSharp.CoreLib.csproj", "{0A7CE0E0-B092-43B5-AB80-99BA909019C9}"
EndProject
Project("{FAE04EC0-301F-11D3-BF4B-00C04F79EFBC}") = "O2.FluentSharp.REPL", "O2.FluentSharp.REPL\O2.FluentSharp.REPL.csproj", "{D742BBEF-BFDC-477F-9880-5E0E2C89B6B2}"
EndProject
Project("{FAE04EC0-301F-11D3-BF4B-00C04F79EFBC}") = "O2.FluentSharp.WPF", "O2.FluentSharp.WPF\O2.FluentSharp.WPF.csproj", "{874D79CB-629F-4E56-AB00-9836EB21F69C}"
EndProject
Project("{FAE04EC0-301F-11D3-BF4B-00C04F79EFBC}") = "O2.FluentSharp.VisualStudio_2010", "O2.FluentSharp.VisualStudio_2010\O2.FluentSharp.VisualStudio_2010.csproj", "{38AFBBBD-48E5-4792-B90E-B9A1A540F906}"
EndProject
Project("{2150E333-8FDC-42A3-9474-1A3956D46DE8}") = "FluentSharp - Main", "FluentSharp - Main", "{D6F3850C-4B6A-4BC3-A568-1D522A72B027}"
EndProject
Global
	GlobalSection(SolutionConfigurationPlatforms) = preSolution
		Debug|Any CPU = Debug|Any CPU
		Release|Any CPU = Release|Any CPU
	EndGlobalSection
	GlobalSection(ProjectConfigurationPlatforms) = postSolution
		{B1AAFDA3-2A9F-4BBD-9A08-F0890BA886C1}.Debug|Any CPU.ActiveCfg = Debug|Any CPU
		{B1AAFDA3-2A9F-4BBD-9A08-F0890BA886C1}.Debug|Any CPU.Build.0 = Debug|Any CPU
		{B1AAFDA3-2A9F-4BBD-9A08-F0890BA886C1}.Release|Any CPU.ActiveCfg = Release|Any CPU
		{B1AAFDA3-2A9F-4BBD-9A08-F0890BA886C1}.Release|Any CPU.Build.0 = Release|Any CPU
		{1D5E7298-537E-409B-8059-2040CA60B55A}.Debug|Any CPU.ActiveCfg = Debug|Any CPU
		{1D5E7298-537E-409B-8059-2040CA60B55A}.Debug|Any CPU.Build.0 = Debug|Any CPU
		{1D5E7298-537E-409B-8059-2040CA60B55A}.Release|Any CPU.ActiveCfg = Release|Any CPU
		{1D5E7298-537E-409B-8059-2040CA60B55A}.Release|Any CPU.Build.0 = Release|Any CPU
		{DF7E73CB-02AC-4689-BB8C-AC21FFCCDDC5}.Debug|Any CPU.ActiveCfg = Debug|Any CPU
		{DF7E73CB-02AC-4689-BB8C-AC21FFCCDDC5}.Debug|Any CPU.Build.0 = Debug|Any CPU
		{DF7E73CB-02AC-4689-BB8C-AC21FFCCDDC5}.Release|Any CPU.ActiveCfg = Release|Any CPU
		{DF7E73CB-02AC-4689-BB8C-AC21FFCCDDC5}.Release|Any CPU.Build.0 = Release|Any CPU
		{0A7CE0E0-B092-43B5-AB80-99BA909019C9}.Debug|Any CPU.ActiveCfg = Debug|Any CPU
		{0A7CE0E0-B092-43B5-AB80-99BA909019C9}.Debug|Any CPU.Build.0 = Debug|Any CPU
		{0A7CE0E0-B092-43B5-AB80-99BA909019C9}.Release|Any CPU.ActiveCfg = Release|Any CPU
		{0A7CE0E0-B092-43B5-AB80-99BA909019C9}.Release|Any CPU.Build.0 = Release|Any CPU
		{D742BBEF-BFDC-477F-9880-5E0E2C89B6B2}.Debug|Any CPU.ActiveCfg = Debug|Any CPU
		{D742BBEF-BFDC-477F-9880-5E0E2C89B6B2}.Debug|Any CPU.Build.0 = Debug|Any CPU
		{D742BBEF-BFDC-477F-9880-5E0E2C89B6B2}.Release|Any CPU.ActiveCfg = Release|Any CPU
		{D742BBEF-BFDC-477F-9880-5E0E2C89B6B2}.Release|Any CPU.Build.0 = Release|Any CPU
		{874D79CB-629F-4E56-AB00-9836EB21F69C}.Debug|Any CPU.ActiveCfg = Debug|Any CPU
		{874D79CB-629F-4E56-AB00-9836EB21F69C}.Debug|Any CPU.Build.0 = Debug|Any CPU
		{874D79CB-629F-4E56-AB00-9836EB21F69C}.Release|Any CPU.ActiveCfg = Release|Any CPU
		{874D79CB-629F-4E56-AB00-9836EB21F69C}.Release|Any CPU.Build.0 = Release|Any CPU
		{38AFBBBD-48E5-4792-B90E-B9A1A540F906}.Debug|Any CPU.ActiveCfg = Debug|Any CPU
		{38AFBBBD-48E5-4792-B90E-B9A1A540F906}.Debug|Any CPU.Build.0 = Debug|Any CPU
		{38AFBBBD-48E5-4792-B90E-B9A1A540F906}.Release|Any CPU.ActiveCfg = Release|Any CPU
		{38AFBBBD-48E5-4792-B90E-B9A1A540F906}.Release|Any CPU.Build.0 = Release|Any CPU
	EndGlobalSection
	GlobalSection(SolutionProperties) = preSolution
		HideSolutionNode = FALSE
	EndGlobalSection
	GlobalSection(NestedProjects) = preSolution
		{B1AAFDA3-2A9F-4BBD-9A08-F0890BA886C1} = {AA501B54-FD82-4D72-941A-51B920FA9D34}
		{1D5E7298-537E-409B-8059-2040CA60B55A} = {AA501B54-FD82-4D72-941A-51B920FA9D34}
		{874D79CB-629F-4E56-AB00-9836EB21F69C} = {AA501B54-FD82-4D72-941A-51B920FA9D34}
		{38AFBBBD-48E5-4792-B90E-B9A1A540F906} = {AA501B54-FD82-4D72-941A-51B920FA9D34}
		{0A7CE0E0-B092-43B5-AB80-99BA909019C9} = {D6F3850C-4B6A-4BC3-A568-1D522A72B027}
		{D742BBEF-BFDC-477F-9880-5E0E2C89B6B2} = {D6F3850C-4B6A-4BC3-A568-1D522A72B027}
		{DF7E73CB-02AC-4689-BB8C-AC21FFCCDDC5} = {D6F3850C-4B6A-4BC3-A568-1D522A72B027}
	EndGlobalSection
EndGlobal
