
Microsoft Visual Studio Solution File, Format Version 11.00
# Visual Studio 2010
Project("{FAE04EC0-301F-11D3-BF4B-00C04F79EFBC}") = "O2_External_SharpDevelop", "O2_External_SharpDevelop.csproj", "{E76BCE43-8511-4CE8-A965-C0150F713CE9}"
EndProject
Global
	GlobalSection(SolutionConfigurationPlatforms) = preSolution
		Debug|Any CPU = Debug|Any CPU
		Release|Any CPU = Release|Any CPU
	EndGlobalSection
	GlobalSection(ProjectConfigurationPlatforms) = postSolution
		{E76BCE43-8511-4CE8-A965-C0150F713CE9}.Debug|Any CPU.ActiveCfg = Debug|Any CPU
		{E76BCE43-8511-4CE8-A965-C0150F713CE9}.Debug|Any CPU.Build.0 = Debug|Any CPU
		{E76BCE43-8511-4CE8-A965-C0150F713CE9}.Release|Any CPU.ActiveCfg = Release|Any CPU
		{E76BCE43-8511-4CE8-A965-C0150F713CE9}.Release|Any CPU.Build.0 = Release|Any CPU
	EndGlobalSection
	GlobalSection(SolutionProperties) = preSolution
		HideSolutionNode = FALSE
	EndGlobalSection
EndGlobal
