
Microsoft Visual Studio Solution File, Format Version 11.00
# Visual Studio 2010
Project("{FAE04EC0-301F-11D3-BF4B-00C04F79EFBC}") = "UnitTests.FluentSharp.CoreLib", "..\UnitTests\UnitTests.FluentSharp.CoreLib\UnitTests.FluentSharp.CoreLib.csproj", "{2D70DDE6-EC9B-4B69-8BD3-BCCC7FA4F165}"
EndProject
Project("{FAE04EC0-301F-11D3-BF4B-00C04F79EFBC}") = "FluentSharp.CoreLib", "..\FluentSharp.CoreLib\FluentSharp.CoreLib.csproj", "{0A7CE0E0-B092-43B5-AB80-99BA909019C9}"
EndProject
Global
	GlobalSection(SolutionConfigurationPlatforms) = preSolution
		Debug|Any CPU = Debug|Any CPU
		Release|Any CPU = Release|Any CPU
	EndGlobalSection
	GlobalSection(ProjectConfigurationPlatforms) = postSolution
		{2D70DDE6-EC9B-4B69-8BD3-BCCC7FA4F165}.Debug|Any CPU.ActiveCfg = Debug|Any CPU
		{2D70DDE6-EC9B-4B69-8BD3-BCCC7FA4F165}.Debug|Any CPU.Build.0 = Debug|Any CPU
		{2D70DDE6-EC9B-4B69-8BD3-BCCC7FA4F165}.Release|Any CPU.ActiveCfg = Release|Any CPU
		{2D70DDE6-EC9B-4B69-8BD3-BCCC7FA4F165}.Release|Any CPU.Build.0 = Release|Any CPU
		{0A7CE0E0-B092-43B5-AB80-99BA909019C9}.Debug|Any CPU.ActiveCfg = Debug|Any CPU
		{0A7CE0E0-B092-43B5-AB80-99BA909019C9}.Debug|Any CPU.Build.0 = Debug|Any CPU
		{0A7CE0E0-B092-43B5-AB80-99BA909019C9}.Release|Any CPU.ActiveCfg = Release|Any CPU
		{0A7CE0E0-B092-43B5-AB80-99BA909019C9}.Release|Any CPU.Build.0 = Release|Any CPU
	EndGlobalSection
	GlobalSection(SolutionProperties) = preSolution
		HideSolutionNode = FALSE
	EndGlobalSection
EndGlobal
