
Microsoft Visual Studio Solution File, Format Version 10.00
# Visual Studio 2008
Project("{FAE04EC0-301F-11D3-BF4B-00C04F79EFBC}") = "O2_Views_ASCX", "O2_Views_ASCX.csproj", "{7BFDC99E-0FC7-42FC-9E32-83F77B2BE8F0}"
EndProject
Project("{FAE04EC0-301F-11D3-BF4B-00C04F79EFBC}") = "O2 DotNet Wrappers", "..\O2_DotNetWrappers\O2 DotNet Wrappers.csproj", "{1F252725-D8BE-408A-BE5C-2D11D0DE8586}"
EndProject
Project("{FAE04EC0-301F-11D3-BF4B-00C04F79EFBC}") = "O2 Kernel", "..\O2_Kernel\O2 Kernel.csproj", "{BDB9EFED-296A-4535-99C6-F0B83316E80C}"
EndProject
Project("{FAE04EC0-301F-11D3-BF4B-00C04F79EFBC}") = "O2UnitTest_Views_ASCX", "..\..\_O2_UnitTests\O2UnitTest_Views_ASCX\O2UnitTest_Views_ASCX.csproj", "{CCB59AEB-A226-410C-B2C9-54E6B54FA2CA}"
EndProject
Project("{FAE04EC0-301F-11D3-BF4B-00C04F79EFBC}") = "O2_External_O2Mono", "..\..\O2 3rd Party Wrappers\O2_External_O2Mono\O2_External_O2Mono.csproj", "{F457A7EB-A573-41BB-BC12-61ABE5ACF702}"
EndProject
Project("{FAE04EC0-301F-11D3-BF4B-00C04F79EFBC}") = "O2_Views_Controlers", "..\O2_Views_Controlers\O2_Views_Controlers.csproj", "{646506DF-2D7D-41B9-A2F3-E81602AD1182}"
EndProject
Global
	GlobalSection(SolutionConfigurationPlatforms) = preSolution
		Debug|Any CPU = Debug|Any CPU
		
		Release|Any CPU = Release|Any CPU
	EndGlobalSection
	GlobalSection(ProjectConfigurationPlatforms) = postSolution
		{7BFDC99E-0FC7-42FC-9E32-83F77B2BE8F0}.Debug|Any CPU.ActiveCfg = Debug|Any CPU
		{7BFDC99E-0FC7-42FC-9E32-83F77B2BE8F0}.Debug|Any CPU.Build.0 = Debug|Any CPU
		{7BFDC99E-0FC7-42FC-9E32-83F77B2BE8F0}.Publish to Deploy|Any CPU.ActiveCfg = Release|Any CPU
		{7BFDC99E-0FC7-42FC-9E32-83F77B2BE8F0}.Publish to Deploy|Any CPU.Build.0 = Release|Any CPU
		{7BFDC99E-0FC7-42FC-9E32-83F77B2BE8F0}.Release|Any CPU.ActiveCfg = Release|Any CPU
		{7BFDC99E-0FC7-42FC-9E32-83F77B2BE8F0}.Release|Any CPU.Build.0 = Release|Any CPU
		{1F252725-D8BE-408A-BE5C-2D11D0DE8586}.Debug|Any CPU.ActiveCfg = Debug|Any CPU
		{1F252725-D8BE-408A-BE5C-2D11D0DE8586}.Debug|Any CPU.Build.0 = Debug|Any CPU
		{1F252725-D8BE-408A-BE5C-2D11D0DE8586}.Publish to Deploy|Any CPU.ActiveCfg = Release|Any CPU
		{1F252725-D8BE-408A-BE5C-2D11D0DE8586}.Publish to Deploy|Any CPU.Build.0 = Release|Any CPU
		{1F252725-D8BE-408A-BE5C-2D11D0DE8586}.Release|Any CPU.ActiveCfg = Release|Any CPU
		{1F252725-D8BE-408A-BE5C-2D11D0DE8586}.Release|Any CPU.Build.0 = Release|Any CPU
		{BDB9EFED-296A-4535-99C6-F0B83316E80C}.Debug|Any CPU.ActiveCfg = Debug|Any CPU
		{BDB9EFED-296A-4535-99C6-F0B83316E80C}.Debug|Any CPU.Build.0 = Debug|Any CPU
		{BDB9EFED-296A-4535-99C6-F0B83316E80C}.Publish to Deploy|Any CPU.ActiveCfg = Publish to Deploy|Any CPU
		{BDB9EFED-296A-4535-99C6-F0B83316E80C}.Publish to Deploy|Any CPU.Build.0 = Publish to Deploy|Any CPU
		{BDB9EFED-296A-4535-99C6-F0B83316E80C}.Release|Any CPU.ActiveCfg = Release|Any CPU
		{BDB9EFED-296A-4535-99C6-F0B83316E80C}.Release|Any CPU.Build.0 = Release|Any CPU
		{CCB59AEB-A226-410C-B2C9-54E6B54FA2CA}.Debug|Any CPU.ActiveCfg = Debug|Any CPU
		{CCB59AEB-A226-410C-B2C9-54E6B54FA2CA}.Debug|Any CPU.Build.0 = Debug|Any CPU
		{CCB59AEB-A226-410C-B2C9-54E6B54FA2CA}.Publish to Deploy|Any CPU.ActiveCfg = Release|Any CPU
		{CCB59AEB-A226-410C-B2C9-54E6B54FA2CA}.Publish to Deploy|Any CPU.Build.0 = Release|Any CPU
		{CCB59AEB-A226-410C-B2C9-54E6B54FA2CA}.Release|Any CPU.ActiveCfg = Release|Any CPU
		{CCB59AEB-A226-410C-B2C9-54E6B54FA2CA}.Release|Any CPU.Build.0 = Release|Any CPU
		{F457A7EB-A573-41BB-BC12-61ABE5ACF702}.Debug|Any CPU.ActiveCfg = Debug|Any CPU
		{F457A7EB-A573-41BB-BC12-61ABE5ACF702}.Debug|Any CPU.Build.0 = Debug|Any CPU
		{F457A7EB-A573-41BB-BC12-61ABE5ACF702}.Publish to Deploy|Any CPU.ActiveCfg = Release|Any CPU
		{F457A7EB-A573-41BB-BC12-61ABE5ACF702}.Publish to Deploy|Any CPU.Build.0 = Release|Any CPU
		{F457A7EB-A573-41BB-BC12-61ABE5ACF702}.Release|Any CPU.ActiveCfg = Release|Any CPU
		{F457A7EB-A573-41BB-BC12-61ABE5ACF702}.Release|Any CPU.Build.0 = Release|Any CPU
		{646506DF-2D7D-41B9-A2F3-E81602AD1182}.Debug|Any CPU.ActiveCfg = Debug|Any CPU
		{646506DF-2D7D-41B9-A2F3-E81602AD1182}.Debug|Any CPU.Build.0 = Debug|Any CPU
		{646506DF-2D7D-41B9-A2F3-E81602AD1182}.Publish to Deploy|Any CPU.ActiveCfg = Release|Any CPU
		{646506DF-2D7D-41B9-A2F3-E81602AD1182}.Publish to Deploy|Any CPU.Build.0 = Release|Any CPU
		{646506DF-2D7D-41B9-A2F3-E81602AD1182}.Release|Any CPU.ActiveCfg = Release|Any CPU
		{646506DF-2D7D-41B9-A2F3-E81602AD1182}.Release|Any CPU.Build.0 = Release|Any CPU
	EndGlobalSection
	GlobalSection(SolutionProperties) = preSolution
		HideSolutionNode = FALSE
	EndGlobalSection
EndGlobal
